<?xml version="1.0" encoding="utf-8"?>
<Project ToolsVersion="4.0" xmlns="http://schemas.microsoft.com/developer/msbuild/2003">
  <ItemGroup>
    <Filter Include="Source Files">
      <UniqueIdentifier>{4FC737F1-C7A5-4376-A066-2A32D752A2FF}</UniqueIdentifier>
      <Extensions>cpp;c;cc;cxx;def;odl;idl;hpj;bat;asm;asmx</Extensions>
    </Filter>
    <Filter Include="Header Files">
      <UniqueIdentifier>{93995380-89BD-4b04-88EB-625FBE52EBFB}</UniqueIdentifier>
      <Extensions>h;hh;hpp;hxx;hm;inl;inc;xsd</Extensions>
    </Filter>
    <Filter Include="Resource Files">
      <UniqueIdentifier>{67DA6AB6-F800-4c08-8B7A-83BB121AAD01}</UniqueIdentifier>
      <Extensions>rc;ico;cur;bmp;dlg;rc2;rct;bin;rgs;gif;jpg;jpeg;jpe;resx;tiff;tif;png;wav</Extensions>
    </Filter>
  </ItemGroup>
  <ItemGroup>
    <ClCompile Include="src\atlas.c">
      <Filter>Source Files</Filter>
    </ClCompile>
    <ClCompile Include="src\bsp.c">
      <Filter>Source Files</Filter>
    </ClCompile>
    <ClCompile Include="src\cache.c">
      <Filter>Source Files</Filter>
    </ClCompile>
    <ClCompile Include="src\collection.c">
      <Filter>Source Files</Filter>
    </ClCompile>
    <ClCompile Include="src\dxt.c">
      <Filter>Source Files</Filter>
    </ClCompile>
    <ClCompile Include="src\filemap.c">
      <Filter>Source Files</Filter>
    </ClCompile>
    <ClCompile Include="src\material.c">
      <Filter>Source Files</Filter>
    </ClCompile>
    <ClCompile Include="src\OpenSource.c">
      <Filter>Source Files</Filter>
    </ClCompile>
    <ClCompile Include="src\profiler.c">
      <Filter>Source Files</Filter>
    </ClCompile>
    <ClCompile Include="src\render.c">
      <Filter>Source Files</Filter>
    </ClCompile>
    <ClCompile Include="src\texture.c">
      <Filter>Source Files</Filter>
    </ClCompile>
    <ClCompile Include="src\vmfparser.c">
      <Filter>Source Files</Filter>
    </ClCompile>
    <ClCompile Include="src\atto\src\app_windows.c">
      <Filter>Source Files</Filter>
    </ClCompile>
    <ClCompile Include="src\camera.c">
      <Filter>Source Files</Filter>
    </ClCompile>
  </ItemGroup>
  <ItemGroup>
    <ClInclude Include="src\ahash.h">
      <Filter>Header Files</Filter>
    </ClInclude>
    <ClInclude Include="src\atlas.h">
      <Filter>Header Files</Filter>
    </ClInclude>
    <ClInclude Include="src\bsp.h">
      <Filter>Header Files</Filter>
    </ClInclude>
    <ClInclude Include="src\cache.h">
      <Filter>Header Files</Filter>
    </ClInclude>
    <ClInclude Include="src\collection.h">
      <Filter>Header Files</Filter>
    </ClInclude>
    <ClInclude Include="src\common.h">
      <Filter>Header Files</Filter>
    </ClInclude>
    <ClInclude Include="src\dxt.h">
      <Filter>Header Files</Filter>
    </ClInclude>
    <ClInclude Include="src\filemap.h">
      <Filter>Header Files</Filter>
    </ClInclude>
    <ClInclude Include="src\libc.h">
      <Filter>Header Files</Filter>
    </ClInclude>
    <ClInclude Include="src\material.h">
      <Filter>Header Files</Filter>
    </ClInclude>
    <ClInclude Include="src\mempools.h">
      <Filter>Header Files</Filter>
    </ClInclude>
    <ClInclude Include="src\profiler.h">
      <Filter>Header Files</Filter>
    </ClInclude>
    <ClInclude Include="src\render.h">
      <Filter>Header Files</Filter>
    </ClInclude>
    <ClInclude Include="src\texture.h">
      <Filter>Header Files</Filter>
    </ClInclude>
    <ClInclude Include="src\vbsp.h">
      <Filter>Header Files</Filter>
    </ClInclude>
    <ClInclude Include="src\vmfparser.h">
      <Filter>Header Files</Filter>
    </ClInclude>
    <ClInclude Include="src\vpk.h">
      <Filter>Header Files</Filter>
    </ClInclude>
    <ClInclude Include="src\vtf.h">
      <Filter>Header Files</Filter>
    </ClInclude>
    <ClInclude Include="src\zip.h">
      <Filter>Header Files</Filter>
    </ClInclude>
    <ClInclude Include="src\atto\atto_io.h">
      <Filter>Header Files</Filter>
    </ClInclude>
    <ClInclude Include="src\atto\atto_udio.h">
      <Filter>Header Files</Filter>
    </ClInclude>
    <ClInclude Include="src\atto\atto\app.h">
      <Filter>Header Files</Filter>
    </ClInclude>
    <ClInclude Include="src\atto\atto\gl.h">
      <Filter>Header Files</Filter>
    </ClInclude>
    <ClInclude Include="src\atto\atto\math.h">
      <Filter>Header Files</Filter>
    </ClInclude>
    <ClInclude Include="src\atto\atto\platform.h">
      <Filter>Header Files</Filter>
    </ClInclude>
    <ClInclude Include="src\camera.h">
      <Filter>Header Files</Filter>
    </ClInclude>
  </ItemGroup>
</Project>